
Microsoft Visual Studio Solution File, Format Version 12.00
# Visual Studio Version 16
VisualStudioVersion = 16.0.30621.155
MinimumVisualStudioVersion = 10.0.40219.1
Project("{FAE04EC0-301F-11D3-BF4B-00C04F79EFBC}") = "l1Filter", "l1Filter.csproj", "{30A614B8-B3EB-4A5B-BFA1-A1DF447D6217}"
EndProject
Global
	GlobalSection(SolutionConfigurationPlatforms) = preSolution
		Debug|Any CPU = Debug|Any CPU
		Release|Any CPU = Release|Any CPU
	EndGlobalSection
	GlobalSection(ProjectConfigurationPlatforms) = postSolution
		{30A614B8-B3EB-4A5B-BFA1-A1DF447D6217}.Debug|Any CPU.ActiveCfg = Debug|Any CPU
		{30A614B8-B3EB-4A5B-BFA1-A1DF447D6217}.Debug|Any CPU.Build.0 = Debug|Any CPU
		{30A614B8-B3EB-4A5B-BFA1-A1DF447D6217}.Release|Any CPU.ActiveCfg = Release|Any CPU
		{30A614B8-B3EB-4A5B-BFA1-A1DF447D6217}.Release|Any CPU.Build.0 = Release|Any CPU
	EndGlobalSection
	GlobalSection(SolutionProperties) = preSolution
		HideSolutionNode = FALSE
	EndGlobalSection
	GlobalSection(ExtensibilityGlobals) = postSolution
		SolutionGuid = {4C02E18E-B5D2-4FB7-A779-E0EB850C63FE}
	EndGlobalSection
EndGlobal
